Microsoft Visual Studio Solution File, Format Version 11.00
# Visual Studio 2010
Project("{FAE04EC0-301F-11D3-BF4B-00C04F79EFBC}") = "BerwickHeights.Platform.Core", "BerwickHeights.Platform.Core\BerwickHeights.Platform.Core.csproj", "{6EAAC4D2-A84B-4123-83A4-565BD11E5B73}"
EndProject
Project("{FAE04EC0-301F-11D3-BF4B-00C04F79EFBC}") = "BerwickHeights.Platform.IoC", "BerwickHeights.Platform.IoC\BerwickHeights.Platform.IoC.csproj", "{B461ECFF-C71A-4824-8B30-A637F4783B68}"
EndProject
Project("{FAE04EC0-301F-11D3-BF4B-00C04F79EFBC}") = "BerwickHeights.Platform.IoC.Castle", "BerwickHeights.Platform.IoC.Castle\BerwickHeights.Platform.IoC.Castle.csproj", "{96ACA9EC-73E0-46AA-8734-3389AAE945DF}"
EndProject
Project("{FAE04EC0-301F-11D3-BF4B-00C04F79EFBC}") = "BerwickHeights.Platform.MethodLogging", "BerwickHeights.Platform.MethodLogging\BerwickHeights.Platform.MethodLogging.csproj", "{B9C67133-BACF-4D00-A6D2-193544A1AFDF}"
EndProject
Project("{FAE04EC0-301F-11D3-BF4B-00C04F79EFBC}") = "BerwickHeights.Platform.PerfTest", "BerwickHeights.Platform.PerfTest\BerwickHeights.Platform.PerfTest.csproj", "{40DF5163-D6AF-4160-BF38-EB0014146BCA}"
EndProject
Project("{FAE04EC0-301F-11D3-BF4B-00C04F79EFBC}") = "BerwickHeights.Platform.NHibernate", "BerwickHeights.Platform.NHibernate\BerwickHeights.Platform.NHibernate.csproj", "{2FE4A6E2-33F6-448D-BCF5-2E9C7A645ECA}"
EndProject
Project("{FAE04EC0-301F-11D3-BF4B-00C04F79EFBC}") = "BerwickHeights.Platform.Config.Redis", "BerwickHeights.Platform.Config.Redis\BerwickHeights.Platform.Config.Redis.csproj", "{DDF6C3AD-40EC-4C4B-9885-1C598E450EE6}"
EndProject
Project("{FAE04EC0-301F-11D3-BF4B-00C04F79EFBC}") = "BerwickHeights.Platform.IdGen.Redis", "BerwickHeights.Platform.IdGen.Redis\BerwickHeights.Platform.IdGen.Redis.csproj", "{F2F39917-F554-4BF1-80A9-984529295FBB}"
EndProject
Project("{FAE04EC0-301F-11D3-BF4B-00C04F79EFBC}") = "BerwickHeights.Platform.Email", "BerwickHeights.Platform.Email\BerwickHeights.Platform.Email.csproj", "{6166A759-3EC6-40CD-B1C6-43B93A5BF187}"
EndProject
Project("{FAE04EC0-301F-11D3-BF4B-00C04F79EFBC}") = "BerwickHeights.Platform.Core.Test", "BerwickHeights.Platform.Core.Test\BerwickHeights.Platform.Core.Test.csproj", "{DD513B7D-7AE0-4AA9-ABF8-886E7C340BE0}"
EndProject
Project("{FAE04EC0-301F-11D3-BF4B-00C04F79EFBC}") = "BerwickHeights.Platform.Config.Redis.Test", "BerwickHeights.Platform.Config.Redis.Test\BerwickHeights.Platform.Config.Redis.Test.csproj", "{DE7BC407-137F-4FEA-8F58-78F19D732A57}"
EndProject
Project("{FAE04EC0-301F-11D3-BF4B-00C04F79EFBC}") = "BerwickHeights.Platform.IdGen.Redis.Test", "BerwickHeights.Platform.IdGen.Redis.Test\BerwickHeights.Platform.IdGen.Redis.Test.csproj", "{325E5D44-5FE9-4634-83F2-6D9E20BAD183}"
EndProject
Project("{FAE04EC0-301F-11D3-BF4B-00C04F79EFBC}") = "BerwickHeights.Platform.MethodLogging.Test", "BerwickHeights.Platform.MethodLogging.Test\BerwickHeights.Platform.MethodLogging.Test.csproj", "{D71CB96A-4122-40AD-A6C2-D2447919FE0B}"
EndProject
Project("{FAE04EC0-301F-11D3-BF4B-00C04F79EFBC}") = "BerwickHeights.Platform.ServiceStack", "BerwickHeights.Platform.ServiceStack\BerwickHeights.Platform.ServiceStack.csproj", "{B4C47324-FF6A-41B5-BF2A-F3C7C0D97140}"
EndProject
Project("{FAE04EC0-301F-11D3-BF4B-00C04F79EFBC}") = "BerwickHeights.Platform.Logging.Log4Net", "BerwickHeights.Platform.Logging.Log4Net\BerwickHeights.Platform.Logging.Log4Net.csproj", "{2B736EB1-14D9-40F3-ADA5-CFC6B611BD47}"
EndProject
Global
	GlobalSection(SolutionConfigurationPlatforms) = preSolution
		Debug|Any CPU = Debug|Any CPU
		Release|Any CPU = Release|Any CPU
	EndGlobalSection
	GlobalSection(ProjectConfigurationPlatforms) = postSolution
		{6EAAC4D2-A84B-4123-83A4-565BD11E5B73}.Debug|Any CPU.ActiveCfg = Debug|Any CPU
		{6EAAC4D2-A84B-4123-83A4-565BD11E5B73}.Debug|Any CPU.Build.0 = Debug|Any CPU
		{6EAAC4D2-A84B-4123-83A4-565BD11E5B73}.Release|Any CPU.ActiveCfg = Release|Any CPU
		{6EAAC4D2-A84B-4123-83A4-565BD11E5B73}.Release|Any CPU.Build.0 = Release|Any CPU
		{B461ECFF-C71A-4824-8B30-A637F4783B68}.Debug|Any CPU.ActiveCfg = Debug|Any CPU
		{B461ECFF-C71A-4824-8B30-A637F4783B68}.Debug|Any CPU.Build.0 = Debug|Any CPU
		{B461ECFF-C71A-4824-8B30-A637F4783B68}.Release|Any CPU.ActiveCfg = Release|Any CPU
		{B461ECFF-C71A-4824-8B30-A637F4783B68}.Release|Any CPU.Build.0 = Release|Any CPU
		{96ACA9EC-73E0-46AA-8734-3389AAE945DF}.Debug|Any CPU.ActiveCfg = Debug|Any CPU
		{96ACA9EC-73E0-46AA-8734-3389AAE945DF}.Debug|Any CPU.Build.0 = Debug|Any CPU
		{96ACA9EC-73E0-46AA-8734-3389AAE945DF}.Release|Any CPU.ActiveCfg = Release|Any CPU
		{96ACA9EC-73E0-46AA-8734-3389AAE945DF}.Release|Any CPU.Build.0 = Release|Any CPU
		{B9C67133-BACF-4D00-A6D2-193544A1AFDF}.Debug|Any CPU.ActiveCfg = Debug|Any CPU
		{B9C67133-BACF-4D00-A6D2-193544A1AFDF}.Debug|Any CPU.Build.0 = Debug|Any CPU
		{B9C67133-BACF-4D00-A6D2-193544A1AFDF}.Release|Any CPU.ActiveCfg = Release|Any CPU
		{B9C67133-BACF-4D00-A6D2-193544A1AFDF}.Release|Any CPU.Build.0 = Release|Any CPU
		{40DF5163-D6AF-4160-BF38-EB0014146BCA}.Debug|Any CPU.ActiveCfg = Debug|Any CPU
		{40DF5163-D6AF-4160-BF38-EB0014146BCA}.Debug|Any CPU.Build.0 = Debug|Any CPU
		{40DF5163-D6AF-4160-BF38-EB0014146BCA}.Release|Any CPU.ActiveCfg = Release|Any CPU
		{40DF5163-D6AF-4160-BF38-EB0014146BCA}.Release|Any CPU.Build.0 = Release|Any CPU
		{2FE4A6E2-33F6-448D-BCF5-2E9C7A645ECA}.Debug|Any CPU.ActiveCfg = Debug|Any CPU
		{2FE4A6E2-33F6-448D-BCF5-2E9C7A645ECA}.Debug|Any CPU.Build.0 = Debug|Any CPU
		{2FE4A6E2-33F6-448D-BCF5-2E9C7A645ECA}.Release|Any CPU.ActiveCfg = Release|Any CPU
		{2FE4A6E2-33F6-448D-BCF5-2E9C7A645ECA}.Release|Any CPU.Build.0 = Release|Any CPU
		{DDF6C3AD-40EC-4C4B-9885-1C598E450EE6}.Debug|Any CPU.ActiveCfg = Debug|Any CPU
		{DDF6C3AD-40EC-4C4B-9885-1C598E450EE6}.Debug|Any CPU.Build.0 = Debug|Any CPU
		{DDF6C3AD-40EC-4C4B-9885-1C598E450EE6}.Release|Any CPU.ActiveCfg = Release|Any CPU
		{DDF6C3AD-40EC-4C4B-9885-1C598E450EE6}.Release|Any CPU.Build.0 = Release|Any CPU
		{F2F39917-F554-4BF1-80A9-984529295FBB}.Debug|Any CPU.ActiveCfg = Debug|Any CPU
		{F2F39917-F554-4BF1-80A9-984529295FBB}.Debug|Any CPU.Build.0 = Debug|Any CPU
		{F2F39917-F554-4BF1-80A9-984529295FBB}.Release|Any CPU.ActiveCfg = Release|Any CPU
		{F2F39917-F554-4BF1-80A9-984529295FBB}.Release|Any CPU.Build.0 = Release|Any CPU
		{6166A759-3EC6-40CD-B1C6-43B93A5BF187}.Debug|Any CPU.ActiveCfg = Debug|Any CPU
		{6166A759-3EC6-40CD-B1C6-43B93A5BF187}.Debug|Any CPU.Build.0 = Debug|Any CPU
		{6166A759-3EC6-40CD-B1C6-43B93A5BF187}.Release|Any CPU.ActiveCfg = Release|Any CPU
		{6166A759-3EC6-40CD-B1C6-43B93A5BF187}.Release|Any CPU.Build.0 = Release|Any CPU
		{DD513B7D-7AE0-4AA9-ABF8-886E7C340BE0}.Debug|Any CPU.ActiveCfg = Debug|Any CPU
		{DD513B7D-7AE0-4AA9-ABF8-886E7C340BE0}.Debug|Any CPU.Build.0 = Debug|Any CPU
		{DD513B7D-7AE0-4AA9-ABF8-886E7C340BE0}.Release|Any CPU.ActiveCfg = Release|Any CPU
		{DD513B7D-7AE0-4AA9-ABF8-886E7C340BE0}.Release|Any CPU.Build.0 = Release|Any CPU
		{DE7BC407-137F-4FEA-8F58-78F19D732A57}.Debug|Any CPU.ActiveCfg = Debug|Any CPU
		{DE7BC407-137F-4FEA-8F58-78F19D732A57}.Debug|Any CPU.Build.0 = Debug|Any CPU
		{DE7BC407-137F-4FEA-8F58-78F19D732A57}.Release|Any CPU.ActiveCfg = Release|Any CPU
		{DE7BC407-137F-4FEA-8F58-78F19D732A57}.Release|Any CPU.Build.0 = Release|Any CPU
		{325E5D44-5FE9-4634-83F2-6D9E20BAD183}.Debug|Any CPU.ActiveCfg = Debug|Any CPU
		{325E5D44-5FE9-4634-83F2-6D9E20BAD183}.Debug|Any CPU.Build.0 = Debug|Any CPU
		{325E5D44-5FE9-4634-83F2-6D9E20BAD183}.Release|Any CPU.ActiveCfg = Release|Any CPU
		{325E5D44-5FE9-4634-83F2-6D9E20BAD183}.Release|Any CPU.Build.0 = Release|Any CPU
		{D71CB96A-4122-40AD-A6C2-D2447919FE0B}.Debug|Any CPU.ActiveCfg = Debug|Any CPU
		{D71CB96A-4122-40AD-A6C2-D2447919FE0B}.Debug|Any CPU.Build.0 = Debug|Any CPU
		{D71CB96A-4122-40AD-A6C2-D2447919FE0B}.Release|Any CPU.ActiveCfg = Release|Any CPU
		{D71CB96A-4122-40AD-A6C2-D2447919FE0B}.Release|Any CPU.Build.0 = Release|Any CPU
		{B4C47324-FF6A-41B5-BF2A-F3C7C0D97140}.Debug|Any CPU.ActiveCfg = Debug|Any CPU
		{B4C47324-FF6A-41B5-BF2A-F3C7C0D97140}.Debug|Any CPU.Build.0 = Debug|Any CPU
		{B4C47324-FF6A-41B5-BF2A-F3C7C0D97140}.Release|Any CPU.ActiveCfg = Release|Any CPU
		{B4C47324-FF6A-41B5-BF2A-F3C7C0D97140}.Release|Any CPU.Build.0 = Release|Any CPU
		{2B736EB1-14D9-40F3-ADA5-CFC6B611BD47}.Debug|Any CPU.ActiveCfg = Debug|Any CPU
		{2B736EB1-14D9-40F3-ADA5-CFC6B611BD47}.Debug|Any CPU.Build.0 = Debug|Any CPU
		{2B736EB1-14D9-40F3-ADA5-CFC6B611BD47}.Release|Any CPU.ActiveCfg = Release|Any CPU
		{2B736EB1-14D9-40F3-ADA5-CFC6B611BD47}.Release|Any CPU.Build.0 = Release|Any CPU
	EndGlobalSection
	GlobalSection(SolutionProperties) = preSolution
		HideSolutionNode = FALSE
	EndGlobalSection
EndGlobal
